<?xml version="1.0" encoding="utf-8"?>
<Project ToolsVersion="4.0" xmlns="http://schemas.microsoft.com/developer/msbuild/2003">
  <ItemGroup>
    <ClCompile Include="Source\Lexer.cpp" />
    <ClCompile Include="Source\Main.cpp" />
    <ClCompile Include="Source\Parser.cpp" />
  </ItemGroup>
  <ItemGroup>
    <ClInclude Include="Source\Lexer.h" />
    <ClInclude Include="Source\Parser.h" />
    <ClInclude Include="Source\CoreTypes.h" />
    <ClInclude Include="Source\ParsingTypes.h" />
  </ItemGroup>
  <ItemGroup>
    <Filter Include="Test">
      <UniqueIdentifier>{f579cfb5-6dee-4b39-8fb3-7181a323c3ee}</UniqueIdentifier>
    </Filter>
  </ItemGroup>
  <ItemGroup>
    <Text Include="Test\Test.txt">
      <Filter>Test</Filter>
    </Text>
  </ItemGroup>
</Project>